
Microsoft Visual Studio Solution File, Format Version 12.00
# Visual Studio Version 17
VisualStudioVersion = 17.10.35027.167
MinimumVisualStudioVersion = 10.0.40219.1
Project("{FAE04EC0-301F-11D3-BF4B-00C04F79EFBC}") = "JWTAuth", "JWTAuth.csproj", "{D571CAA6-D6CC-483C-9778-757BCF2A51EA}"
EndProject
Global
	GlobalSection(SolutionConfigurationPlatforms) = preSolution
		Debug|Any CPU = Debug|Any CPU
		Release|Any CPU = Release|Any CPU
	EndGlobalSection
	GlobalSection(ProjectConfigurationPlatforms) = postSolution
		{D571CAA6-D6CC-483C-9778-757BCF2A51EA}.Debug|Any CPU.ActiveCfg = Debug|Any CPU
		{D571CAA6-D6CC-483C-9778-757BCF2A51EA}.Debug|Any CPU.Build.0 = Debug|Any CPU
		{D571CAA6-D6CC-483C-9778-757BCF2A51EA}.Release|Any CPU.ActiveCfg = Release|Any CPU
		{D571CAA6-D6CC-483C-9778-757BCF2A51EA}.Release|Any CPU.Build.0 = Release|Any CPU
	EndGlobalSection
	GlobalSection(SolutionProperties) = preSolution
		HideSolutionNode = FALSE
	EndGlobalSection
	GlobalSection(ExtensibilityGlobals) = postSolution
		SolutionGuid = {1860B34E-1349-4CA6-AA95-9002E34918B0}
	EndGlobalSection
EndGlobal
